Microsoft Visual Studio Solution File, Format Version 11.00
# Visual Studio 2010
Project("{FAE04EC0-301F-11D3-BF4B-00C04F79EFBC}") = "AstarPathfindingProject", "AstarPathfindingProject.csproj", "{B632C546-D52D-0C21-87E6-FE4518D3DD4F}"
EndProject
Project("{FAE04EC0-301F-11D3-BF4B-00C04F79EFBC}") = "Assembly-CSharp", "Assembly-CSharp.csproj", "{EDB8F1B1-7162-C81A-7331-D95D2EFD2937}"
EndProject
Project("{FAE04EC0-301F-11D3-BF4B-00C04F79EFBC}") = "Unity.2D.Tilemap.Extras", "Unity.2D.Tilemap.Extras.csproj", "{3F14BC92-531C-9F52-9A7A-2553CA9549CE}"
EndProject
Project("{FAE04EC0-301F-11D3-BF4B-00C04F79EFBC}") = "AstarPathfindingProjectEditor", "AstarPathfindingProjectEditor.csproj", "{37E8EB0B-2353-9791-097B-64812C9C63CB}"
EndProject
Project("{FAE04EC0-301F-11D3-BF4B-00C04F79EFBC}") = "Unity.2D.Tilemap.Extras.Editor", "Unity.2D.Tilemap.Extras.Editor.csproj", "{E8C9E002-A154-E642-6ED7-30C3A0088886}"
EndProject
Project("{FAE04EC0-301F-11D3-BF4B-00C04F79EFBC}") = "PackageToolsEditor", "PackageToolsEditor.csproj", "{7FE2557A-AFAC-530C-5131-CD6ED069B9DB}"
EndProject
Project("{FAE04EC0-301F-11D3-BF4B-00C04F79EFBC}") = "Unity.2D.Tilemap.Extras.Placeholder.EditorTests", "Unity.2D.Tilemap.Extras.Placeholder.EditorTests.csproj", "{8F83C987-55B4-2B52-6A03-6BC110FE4281}"
EndProject
Project("{FAE04EC0-301F-11D3-BF4B-00C04F79EFBC}") = "Assembly-CSharp-Editor", "Assembly-CSharp-Editor.csproj", "{A927CB41-3D61-D0DC-6DF5-6F513983BB75}"
EndProject
Global
	GlobalSection(SolutionConfigurationPlatforms) = preSolution
		Debug|Any CPU = Debug|Any CPU
		Release|Any CPU = Release|Any CPU
	EndGlobalSection
	GlobalSection(ProjectConfigurationPlatforms) = postSolution
		{B632C546-D52D-0C21-87E6-FE4518D3DD4F}.Debug|Any CPU.ActiveCfg = Debug|Any CPU
		{B632C546-D52D-0C21-87E6-FE4518D3DD4F}.Debug|Any CPU.Build.0 = Debug|Any CPU
		{B632C546-D52D-0C21-87E6-FE4518D3DD4F}.Release|Any CPU.ActiveCfg = Release|Any CPU
		{B632C546-D52D-0C21-87E6-FE4518D3DD4F}.Release|Any CPU.Build.0 = Release|Any CPU
		{EDB8F1B1-7162-C81A-7331-D95D2EFD2937}.Debug|Any CPU.ActiveCfg = Debug|Any CPU
		{EDB8F1B1-7162-C81A-7331-D95D2EFD2937}.Debug|Any CPU.Build.0 = Debug|Any CPU
		{EDB8F1B1-7162-C81A-7331-D95D2EFD2937}.Release|Any CPU.ActiveCfg = Release|Any CPU
		{EDB8F1B1-7162-C81A-7331-D95D2EFD2937}.Release|Any CPU.Build.0 = Release|Any CPU
		{3F14BC92-531C-9F52-9A7A-2553CA9549CE}.Debug|Any CPU.ActiveCfg = Debug|Any CPU
		{3F14BC92-531C-9F52-9A7A-2553CA9549CE}.Debug|Any CPU.Build.0 = Debug|Any CPU
		{3F14BC92-531C-9F52-9A7A-2553CA9549CE}.Release|Any CPU.ActiveCfg = Release|Any CPU
		{3F14BC92-531C-9F52-9A7A-2553CA9549CE}.Release|Any CPU.Build.0 = Release|Any CPU
		{37E8EB0B-2353-9791-097B-64812C9C63CB}.Debug|Any CPU.ActiveCfg = Debug|Any CPU
		{37E8EB0B-2353-9791-097B-64812C9C63CB}.Debug|Any CPU.Build.0 = Debug|Any CPU
		{37E8EB0B-2353-9791-097B-64812C9C63CB}.Release|Any CPU.ActiveCfg = Release|Any CPU
		{37E8EB0B-2353-9791-097B-64812C9C63CB}.Release|Any CPU.Build.0 = Release|Any CPU
		{E8C9E002-A154-E642-6ED7-30C3A0088886}.Debug|Any CPU.ActiveCfg = Debug|Any CPU
		{E8C9E002-A154-E642-6ED7-30C3A0088886}.Debug|Any CPU.Build.0 = Debug|Any CPU
		{E8C9E002-A154-E642-6ED7-30C3A0088886}.Release|Any CPU.ActiveCfg = Release|Any CPU
		{E8C9E002-A154-E642-6ED7-30C3A0088886}.Release|Any CPU.Build.0 = Release|Any CPU
		{7FE2557A-AFAC-530C-5131-CD6ED069B9DB}.Debug|Any CPU.ActiveCfg = Debug|Any CPU
		{7FE2557A-AFAC-530C-5131-CD6ED069B9DB}.Debug|Any CPU.Build.0 = Debug|Any CPU
		{7FE2557A-AFAC-530C-5131-CD6ED069B9DB}.Release|Any CPU.ActiveCfg = Release|Any CPU
		{7FE2557A-AFAC-530C-5131-CD6ED069B9DB}.Release|Any CPU.Build.0 = Release|Any CPU
		{8F83C987-55B4-2B52-6A03-6BC110FE4281}.Debug|Any CPU.ActiveCfg = Debug|Any CPU
		{8F83C987-55B4-2B52-6A03-6BC110FE4281}.Debug|Any CPU.Build.0 = Debug|Any CPU
		{8F83C987-55B4-2B52-6A03-6BC110FE4281}.Release|Any CPU.ActiveCfg = Release|Any CPU
		{8F83C987-55B4-2B52-6A03-6BC110FE4281}.Release|Any CPU.Build.0 = Release|Any CPU
		{A927CB41-3D61-D0DC-6DF5-6F513983BB75}.Debug|Any CPU.ActiveCfg = Debug|Any CPU
		{A927CB41-3D61-D0DC-6DF5-6F513983BB75}.Debug|Any CPU.Build.0 = Debug|Any CPU
		{A927CB41-3D61-D0DC-6DF5-6F513983BB75}.Release|Any CPU.ActiveCfg = Release|Any CPU
		{A927CB41-3D61-D0DC-6DF5-6F513983BB75}.Release|Any CPU.Build.0 = Release|Any CPU
	EndGlobalSection
EndGlobal
